// !$*UTF8*$!
{
	archiveVersion = 1;
	classes = {
	};
	objectVersion = 46;
	objects = {

/* Begin PBXBuildFile section */
		5E270ABD1E4910BC0063B226 /* IntNode.cpp in Sources */ = {isa = PBXBuildFile; fileRef = 5E270ABB1E4910BC0063B226 /* IntNode.cpp */; };
		5E4EB4D91E4BA951005B4E6F /* IntNodeArray.cpp in Sources */ = {isa = PBXBuildFile; fileRef = 5E4EB4D71E4BA951005B4E6F /* IntNodeArray.cpp */; };
		5E4EB4DD1E4BB20E005B4E6F /* DataStructureController.cpp in Sources */ = {isa = PBXBuildFile; fileRef = 5E4EB4DB1E4BB20E005B4E6F /* DataStructureController.cpp */; };
		5E4EB4DF1E4BB220005B4E6F /* Runner.cpp in Sources */ = {isa = PBXBuildFile; fileRef = 5E4EB4DE1E4BB220005B4E6F /* Runner.cpp */; };
/* End PBXBuildFile section */

/* Begin PBXCopyFilesBuildPhase section */
		5E270AA91E4904570063B226 /* CopyFiles */ = {
			isa = PBXCopyFilesBuildPhase;
			buildActionMask = 2147483647;
			dstPath = /usr/share/man/man1/;
			dstSubfolderSpec = 0;
			files = (
			);
			runOnlyForDeploymentPostprocessing = 1;
		};
/* End PBXCopyFilesBuildPhase section */

/* Begin PBXFileReference section */
		5E1B990D1E54E38D00FFB912 /* Array.hpp */ = {isa = PBXFileReference; lastKnownFileType = sourcecode.cpp.h; name = Array.hpp; path = Model/Array.hpp; sourceTree = SOURCE_ROOT; };
		5E270AAB1E4904570063B226 /* MegaData */ = {isa = PBXFileReference; explicitFileType = "compiled.mach-o.executable"; includeInIndex = 0; path = MegaData; sourceTree = BUILT_PRODUCTS_DIR; };
		5E270ABB1E4910BC0063B226 /* IntNode.cpp */ = {isa = PBXFileReference; fileEncoding = 4; lastKnownFileType = sourcecode.cpp.cpp; name = IntNode.cpp; path = Model/IntNode.cpp; sourceTree = SOURCE_ROOT; };
		5E270ABC1E4910BC0063B226 /* IntNode.hpp */ = {isa = PBXFileReference; fileEncoding = 4; lastKnownFileType = sourcecode.cpp.h; name = IntNode.hpp; path = Model/IntNode.hpp; sourceTree = SOURCE_ROOT; };
		5E4EB4D71E4BA951005B4E6F /* IntNodeArray.cpp */ = {isa = PBXFileReference; fileEncoding = 4; lastKnownFileType = sourcecode.cpp.cpp; name = IntNodeArray.cpp; path = ../Model/IntNodeArray.cpp; sourceTree = "<group>"; };
		5E4EB4D81E4BA951005B4E6F /* IntNodeArray.hpp */ = {isa = PBXFileReference; fileEncoding = 4; lastKnownFileType = sourcecode.cpp.h; name = IntNodeArray.hpp; path = ../Model/IntNodeArray.hpp; sourceTree = "<group>"; };
		5E4EB4DB1E4BB20E005B4E6F /* DataStructureController.cpp */ = {isa = PBXFileReference; fileEncoding = 4; lastKnownFileType = sourcecode.cpp.cpp; name = DataStructureController.cpp; path = Controller/DataStructureController.cpp; sourceTree = SOURCE_ROOT; };
		5E4EB4DC1E4BB20E005B4E6F /* DataStructureController.hpp */ = {isa = PBXFileReference; fileEncoding = 4; lastKnownFileType = sourcecode.cpp.h; name = DataStructureController.hpp; path = Controller/DataStructureController.hpp; sourceTree = SOURCE_ROOT; };
		5E4EB4DE1E4BB220005B4E6F /* Runner.cpp */ = {isa = PBXFileReference; fileEncoding = 4; lastKnownFileType = sourcecode.cpp.cpp; name = Runner.cpp; path = Controller/Runner.cpp; sourceTree = SOURCE_ROOT; };
		5EA95F651E523E6D00ABDF1D /* Node.hpp */ = {isa = PBXFileReference; lastKnownFileType = sourcecode.cpp.h; name = Node.hpp; path = Model/Node.hpp; sourceTree = SOURCE_ROOT; };
		5EF259DD1E5CC2DF00BE6B2C /* Mega.pdf */ = {isa = PBXFileReference; lastKnownFileType = image.pdf; name = Mega.pdf; path = ../../../../Desktop/Mega.pdf; sourceTree = "<group>"; };
		5EF259DE1E5CDA0700BE6B2C /* List.hpp */ = {isa = PBXFileReference; lastKnownFileType = sourcecode.cpp.h; path = List.hpp; sourceTree = "<group>"; };
/* End PBXFileReference section */

/* Begin PBXFrameworksBuildPhase section */
		5E270AA81E4904570063B226 /* Frameworks */ = {
			isa = PBXFrameworksBuildPhase;
			buildActionMask = 2147483647;
			files = (
			);
			runOnlyForDeploymentPostprocessing = 0;
		};
/* End PBXFrameworksBuildPhase section */

/* Begin PBXGroup section */
		5E270AA21E4904570063B226 = {
			isa = PBXGroup;
			children = (
				5E270AAD1E4904570063B226 /* MegaData */,
				5E270AAC1E4904570063B226 /* Products */,
			);
			sourceTree = "<group>";
		};
		5E270AAC1E4904570063B226 /* Products */ = {
			isa = PBXGroup;
			children = (
				5E270AAB1E4904570063B226 /* MegaData */,
			);
			name = Products;
			sourceTree = "<group>";
		};
		5E270AAD1E4904570063B226 /* MegaData */ = {
			isa = PBXGroup;
			children = (
				5EF259DC1E5CC2C000BE6B2C /* Resources */,
				5E4EB4DA1E4BB1ED005B4E6F /* Controller */,
				5E4EB4D61E4BA926005B4E6F /* Model */,
			);
			path = MegaData;
			sourceTree = "<group>";
		};
		5E4EB4D61E4BA926005B4E6F /* Model */ = {
			isa = PBXGroup;
			children = (
				5E4EB4D71E4BA951005B4E6F /* IntNodeArray.cpp */,
				5E4EB4D81E4BA951005B4E6F /* IntNodeArray.hpp */,
				5E270ABB1E4910BC0063B226 /* IntNode.cpp */,
				5E270ABC1E4910BC0063B226 /* IntNode.hpp */,
				5EA95F651E523E6D00ABDF1D /* Node.hpp */,
				5E1B990D1E54E38D00FFB912 /* Array.hpp */,
				5EF259DE1E5CDA0700BE6B2C /* List.hpp */,
			);
			name = Model;
			sourceTree = "<group>";
		};
		5E4EB4DA1E4BB1ED005B4E6F /* Controller */ = {
			isa = PBXGroup;
			children = (
				5E4EB4DB1E4BB20E005B4E6F /* DataStructureController.cpp */,
				5E4EB4DC1E4BB20E005B4E6F /* DataStructureController.hpp */,
				5E4EB4DE1E4BB220005B4E6F /* Runner.cpp */,
			);
			name = Controller;
			sourceTree = "<group>";
		};
		5EF259DC1E5CC2C000BE6B2C /* Resources */ = {
			isa = PBXGroup;
			children = (
				5EF259DD1E5CC2DF00BE6B2C /* Mega.pdf */,
			);
			name = Resources;
			sourceTree = "<group>";
		};
/* End PBXGroup section */

/* Begin PBXNativeTarget section */
		5E270AAA1E4904570063B226 /* MegaData */ = {
			isa = PBXNativeTarget;
			buildConfigurationList = 5E270AB21E4904570063B226 /* Build configuration list for PBXNativeTarget "MegaData" */;
			buildPhases = (
				5E270AA71E4904570063B226 /* Sources */,
				5E270AA81E4904570063B226 /* Frameworks */,
				5E270AA91E4904570063B226 /* CopyFiles */,
			);
			buildRules = (
			);
			dependencies = (
			);
			name = MegaData;
			productName = MegaData;
			productReference = 5E270AAB1E4904570063B226 /* MegaData */;
			productType = "com.apple.product-type.tool";
		};
/* End PBXNativeTarget section */

/* Begin PBXProject section */
		5E270AA31E4904570063B226 /* Project object */ = {
			isa = PBXProject;
			attributes = {
				LastUpgradeCheck = 0810;
				ORGANIZATIONNAME = "Tschetter, Benjamin";
				TargetAttributes = {
					5E270AAA1E4904570063B226 = {
						CreatedOnToolsVersion = 8.1;
						ProvisioningStyle = Automatic;
					};
				};
			};
			buildConfigurationList = 5E270AA61E4904570063B226 /* Build configuration list for PBXProject "MegaData" */;
			compatibilityVersion = "Xcode 3.2";
			developmentRegion = English;
			hasScannedForEncodings = 0;
			knownRegions = (
				en,
			);
			mainGroup = 5E270AA21E4904570063B226;
			productRefGroup = 5E270AAC1E4904570063B226 /* Products */;
			projectDirPath = "";
			projectRoot = "";
			targets = (
				5E270AAA1E4904570063B226 /* MegaData */,
			);
		};
/* End PBXProject section */

/* Begin PBXSourcesBuildPhase section */
		5E270AA71E4904570063B226 /* Sources */ = {
			isa = PBXSourcesBuildPhase;
			buildActionMask = 2147483647;
			files = (
				5E270ABD1E4910BC0063B226 /* IntNode.cpp in Sources */,
				5E4EB4DF1E4BB220005B4E6F /* Runner.cpp in Sources */,
				5E4EB4DD1E4BB20E005B4E6F /* DataStructureController.cpp in Sources */,
				5E4EB4D91E4BA951005B4E6F /* IntNodeArray.cpp in Sources */,
			);
			runOnlyForDeploymentPostprocessing = 0;
		};
/* End PBXSourcesBuildPhase section */

/* Begin XCBuildConfiguration section */
		5E270AB01E4904570063B226 /* Debug */ = {
			isa = XCBuildConfiguration;
			buildSettings = {
				ALWAYS_SEARCH_USER_PATHS = NO;
				CLANG_ANALYZER_NONNULL = YES;
				CLANG_CXX_LANGUAGE_STANDARD = "gnu++0x";
				CLANG_CXX_LIBRARY = "libc++";
				CLANG_ENABLE_MODULES = YES;
				CLANG_ENABLE_OBJC_ARC = YES;
				CLANG_WARN_BOOL_CONVERSION = YES;
				CLANG_WARN_CONSTANT_CONVERSION = YES;
				CLANG_WARN_DIRECT_OBJC_ISA_USAGE = YES_ERROR;
				CLANG_WARN_DOCUMENTATION_COMMENTS = YES;
				CLANG_WARN_EMPTY_BODY = YES;
				CLANG_WARN_ENUM_CONVERSION = YES;
				CLANG_WARN_INFINITE_RECURSION = YES;
				CLANG_WARN_INT_CONVERSION = YES;
				CLANG_WARN_OBJC_ROOT_CLASS = YES_ERROR;
				CLANG_WARN_SUSPICIOUS_MOVES = YES;
				CLANG_WARN_UNREACHABLE_CODE = YES;
				CLANG_WARN__DUPLICATE_METHOD_MATCH = YES;
				CODE_SIGN_IDENTITY = "-";
				COPY_PHASE_STRIP = NO;
				DEBUG_INFORMATION_FORMAT = dwarf;
				ENABLE_STRICT_OBJC_MSGSEND = YES;
				ENABLE_TESTABILITY = YES;
				GCC_C_LANGUAGE_STANDARD = gnu99;
				GCC_DYNAMIC_NO_PIC = NO;
				GCC_NO_COMMON_BLOCKS = YES;
				GCC_OPTIMIZATION_LEVEL = 0;
				GCC_PREPROCESSOR_DEFINITIONS = (
					"DEBUG=1",
					"$(inherited)",
				);
				GCC_WARN_64_TO_32_BIT_CONVERSION = YES;
				GCC_WARN_ABOUT_RETURN_TYPE = YES_ERROR;
				GCC_WARN_UNDECLARED_SELECTOR = YES;
				GCC_WARN_UNINITIALIZED_AUTOS = YES_AGGRESSIVE;
				GCC_WARN_UNUSED_FUNCTION = YES;
				GCC_WARN_UNUSED_VARIABLE = YES;
				MACOSX_DEPLOYMENT_TARGET = 10.11;
				MTL_ENABLE_DEBUG_INFO = YES;
				ONLY_ACTIVE_ARCH = YES;
				SDKROOT = macosx;
			};
			name = Debug;
		};
		5E270AB11E4904570063B226 /* Release */ = {
			isa = XCBuildConfiguration;
			buildSettings = {
				ALWAYS_SEARCH_USER_PATHS = NO;
				CLANG_ANALYZER_NONNULL = YES;
				CLANG_CXX_LANGUAGE_STANDARD = "gnu++0x";
				CLANG_CXX_LIBRARY = "libc++";
				CLANG_ENABLE_MODULES = YES;
				CLANG_ENABLE_OBJC_ARC = YES;
				CLANG_WARN_BOOL_CONVERSION = YES;
				CLANG_WARN_CONSTANT_CONVERSION = YES;
				CLANG_WARN_DIRECT_OBJC_ISA_USAGE = YES_ERROR;
				CLANG_WARN_DOCUMENTATION_COMMENTS = YES;
				CLANG_WARN_EMPTY_BODY = YES;
				CLANG_WARN_ENUM_CONVERSION = YES;
				CLANG_WARN_INFINITE_RECURSION = YES;
				CLANG_WARN_INT_CONVERSION = YES;
				CLANG_WARN_OBJC_ROOT_CLASS = YES_ERROR;
				CLANG_WARN_SUSPICIOUS_MOVES = YES;
				CLANG_WARN_UNREACHABLE_CODE = YES;
				CLANG_WARN__DUPLICATE_METHOD_MATCH = YES;
				CODE_SIGN_IDENTITY = "-";
				COPY_PHASE_STRIP = NO;
				DEBUG_INFORMATION_FORMAT = "dwarf-with-dsym";
				ENABLE_NS_ASSERTIONS = NO;
				ENABLE_STRICT_OBJC_MSGSEND = YES;
				GCC_C_LANGUAGE_STANDARD = gnu99;
				GCC_NO_COMMON_BLOCKS = YES;
				GCC_WARN_64_TO_32_BIT_CONVERSION = YES;
				GCC_WARN_ABOUT_RETURN_TYPE = YES_ERROR;
				GCC_WARN_UNDECLARED_SELECTOR = YES;
				GCC_WARN_UNINITIALIZED_AUTOS = YES_AGGRESSIVE;
				GCC_WARN_UNUSED_FUNCTION = YES;
				GCC_WARN_UNUSED_VARIABLE = YES;
				MACOSX_DEPLOYMENT_TARGET = 10.11;
				MTL_ENABLE_DEBUG_INFO = NO;
				SDKROOT = macosx;
			};
			name = Release;
		};
		5E270AB31E4904570063B226 /* Debug */ = {
			isa = XCBuildConfiguration;
			buildSettings = {
				PRODUCT_NAME = "$(TARGET_NAME)";
			};
			name = Debug;
		};
		5E270AB41E4904570063B226 /* Release */ = {
			isa = XCBuildConfiguration;
			buildSettings = {
				PRODUCT_NAME = "$(TARGET_NAME)";
			};
			name = Release;
		};
/* End XCBuildConfiguration section */

/* Begin XCConfigurationList section */
		5E270AA61E4904570063B226 /* Build configuration list for PBXProject "MegaData" */ = {
			isa = XCConfigurationList;
			buildConfigurations = (
				5E270AB01E4904570063B226 /* Debug */,
				5E270AB11E4904570063B226 /* Release */,
			);
			defaultConfigurationIsVisible = 0;
			defaultConfigurationName = Release;
		};
		5E270AB21E4904570063B226 /* Build configuration list for PBXNativeTarget "MegaData" */ = {
			isa = XCConfigurationList;
			buildConfigurations = (
				5E270AB31E4904570063B226 /* Debug */,
				5E270AB41E4904570063B226 /* Release */,
			);
			defaultConfigurationIsVisible = 0;
			defaultConfigurationName = Release;
		};
/* End XCConfigurationList section */
	};
	rootObject = 5E270AA31E4904570063B226 /* Project object */;
}
